// !$*UTF8*$!
{
	archiveVersion = 1;
	classes = {
	};
	objectVersion = 46;
	objects = {

/* Begin PBXBuildFile section */
		01D3BE5D1C4F8F580096D717 /* AppDelegate.swift in Sources */ = {isa = PBXBuildFile; fileRef = 01D3BE5C1C4F8F580096D717 /* AppDelegate.swift */; };
		01D3BE5F1C4F8F580096D717 /* ViewController.swift in Sources */ = {isa = PBXBuildFile; fileRef = 01D3BE5E1C4F8F580096D717 /* ViewController.swift */; };
		01D3BE621C4F8F580096D717 /* Main.storyboard in Resources */ = {isa = PBXBuildFile; fileRef = 01D3BE601C4F8F580096D717 /* Main.storyboard */; };
		01D3BE641C4F8F580096D717 /* Assets.xcassets in Resources */ = {isa = PBXBuildFile; fileRef = 01D3BE631C4F8F580096D717 /* Assets.xcassets */; };
		01D3BE671C4F8F580096D717 /* LaunchScreen.storyboard in Resources */ = {isa = PBXBuildFile; fileRef = 01D3BE651C4F8F580096D717 /* LaunchScreen.storyboard */; };
		01D3BE721C4F8F580096D717 /* CJWOCTests.swift in Sources */ = {isa = PBXBuildFile; fileRef = 01D3BE711C4F8F580096D717 /* CJWOCTests.swift */; };
		01D3BE8D1C4F900F0096D717 /* IDMCaptionView.m in Sources */ = {isa = PBXBuildFile; fileRef = 01D3BE7E1C4F900F0096D717 /* IDMCaptionView.m */; };
		01D3BE8E1C4F900F0096D717 /* IDMPBLocalizations.bundle in Resources */ = {isa = PBXBuildFile; fileRef = 01D3BE801C4F900F0096D717 /* IDMPBLocalizations.bundle */; };
		01D3BE8F1C4F900F0096D717 /* IDMPhoto.m in Sources */ = {isa = PBXBuildFile; fileRef = 01D3BE821C4F900F0096D717 /* IDMPhoto.m */; };
		01D3BE901C4F900F0096D717 /* IDMPhotoBrowser.bundle in Resources */ = {isa = PBXBuildFile; fileRef = 01D3BE831C4F900F0096D717 /* IDMPhotoBrowser.bundle */; };
		01D3BE911C4F900F0096D717 /* IDMPhotoBrowser.m in Sources */ = {isa = PBXBuildFile; fileRef = 01D3BE851C4F900F0096D717 /* IDMPhotoBrowser.m */; };
		01D3BE921C4F900F0096D717 /* IDMTapDetectingImageView.m in Sources */ = {isa = PBXBuildFile; fileRef = 01D3BE881C4F900F0096D717 /* IDMTapDetectingImageView.m */; };
		01D3BE931C4F900F0096D717 /* IDMTapDetectingView.m in Sources */ = {isa = PBXBuildFile; fileRef = 01D3BE8A1C4F900F0096D717 /* IDMTapDetectingView.m */; };
		01D3BE941C4F900F0096D717 /* IDMZoomingScrollView.m in Sources */ = {isa = PBXBuildFile; fileRef = 01D3BE8C1C4F900F0096D717 /* IDMZoomingScrollView.m */; };
/* End PBXBuildFile section */

/* Begin PBXContainerItemProxy section */
		01D3BE6E1C4F8F580096D717 /* PBXContainerItemProxy */ = {
			isa = PBXContainerItemProxy;
			containerPortal = 01D3BE511C4F8F580096D717 /* Project object */;
			proxyType = 1;
			remoteGlobalIDString = 01D3BE581C4F8F580096D717;
			remoteInfo = CJWOC;
		};
/* End PBXContainerItemProxy section */

/* Begin PBXFileReference section */
		01D3BE591C4F8F580096D717 /* CJWOC.app */ = {isa = PBXFileReference; explicitFileType = wrapper.application; includeInIndex = 0; path = CJWOC.app; sourceTree = BUILT_PRODUCTS_DIR; };
		01D3BE5C1C4F8F580096D717 /* AppDelegate.swift */ = {isa = PBXFileReference; lastKnownFileType = sourcecode.swift; path = AppDelegate.swift; sourceTree = "<group>"; };
		01D3BE5E1C4F8F580096D717 /* ViewController.swift */ = {isa = PBXFileReference; lastKnownFileType = sourcecode.swift; path = ViewController.swift; sourceTree = "<group>"; };
		01D3BE611C4F8F580096D717 /* Base */ = {isa = PBXFileReference; lastKnownFileType = file.storyboard; name = Base; path = Base.lproj/Main.storyboard; sourceTree = "<group>"; };
		01D3BE631C4F8F580096D717 /* Assets.xcassets */ = {isa = PBXFileReference; lastKnownFileType = folder.assetcatalog; path = Assets.xcassets; sourceTree = "<group>"; };
		01D3BE661C4F8F580096D717 /* Base */ = {isa = PBXFileReference; lastKnownFileType = file.storyboard; name = Base; path = Base.lproj/LaunchScreen.storyboard; sourceTree = "<group>"; };
		01D3BE681C4F8F580096D717 /* Info.plist */ = {isa = PBXFileReference; lastKnownFileType = text.plist.xml; path = Info.plist; sourceTree = "<group>"; };
		01D3BE6D1C4F8F580096D717 /* CJWOCTests.xctest */ = {isa = PBXFileReference; explicitFileType = wrapper.cfbundle; includeInIndex = 0; path = CJWOCTests.xctest; sourceTree = BUILT_PRODUCTS_DIR; };
		01D3BE711C4F8F580096D717 /* CJWOCTests.swift */ = {isa = PBXFileReference; lastKnownFileType = sourcecode.swift; path = CJWOCTests.swift; sourceTree = "<group>"; };
		01D3BE731C4F8F580096D717 /* Info.plist */ = {isa = PBXFileReference; lastKnownFileType = text.plist.xml; path = Info.plist; sourceTree = "<group>"; };
		01D3BE7D1C4F900F0096D717 /* IDMCaptionView.h */ = {isa = PBXFileReference; fileEncoding = 4; lastKnownFileType = sourcecode.c.h; path = IDMCaptionView.h; sourceTree = "<group>"; };
		01D3BE7E1C4F900F0096D717 /* IDMCaptionView.m */ = {isa = PBXFileReference; fileEncoding = 4; lastKnownFileType = sourcecode.c.objc; path = IDMCaptionView.m; sourceTree = "<group>"; };
		01D3BE7F1C4F900F0096D717 /* IDMPBConstants.h */ = {isa = PBXFileReference; fileEncoding = 4; lastKnownFileType = sourcecode.c.h; path = IDMPBConstants.h; sourceTree = "<group>"; };
		01D3BE801C4F900F0096D717 /* IDMPBLocalizations.bundle */ = {isa = PBXFileReference; lastKnownFileType = "wrapper.plug-in"; path = IDMPBLocalizations.bundle; sourceTree = "<group>"; };
		01D3BE811C4F900F0096D717 /* IDMPhoto.h */ = {isa = PBXFileReference; fileEncoding = 4; lastKnownFileType = sourcecode.c.h; path = IDMPhoto.h; sourceTree = "<group>"; };
		01D3BE821C4F900F0096D717 /* IDMPhoto.m */ = {isa = PBXFileReference; fileEncoding = 4; lastKnownFileType = sourcecode.c.objc; path = IDMPhoto.m; sourceTree = "<group>"; };
		01D3BE831C4F900F0096D717 /* IDMPhotoBrowser.bundle */ = {isa = PBXFileReference; lastKnownFileType = "wrapper.plug-in"; path = IDMPhotoBrowser.bundle; sourceTree = "<group>"; };
		01D3BE841C4F900F0096D717 /* IDMPhotoBrowser.h */ = {isa = PBXFileReference; fileEncoding = 4; lastKnownFileType = sourcecode.c.h; path = IDMPhotoBrowser.h; sourceTree = "<group>"; };
		01D3BE851C4F900F0096D717 /* IDMPhotoBrowser.m */ = {isa = PBXFileReference; fileEncoding = 4; lastKnownFileType = sourcecode.c.objc; path = IDMPhotoBrowser.m; sourceTree = "<group>"; };
		01D3BE861C4F900F0096D717 /* IDMPhotoProtocol.h */ = {isa = PBXFileReference; fileEncoding = 4; lastKnownFileType = sourcecode.c.h; path = IDMPhotoProtocol.h; sourceTree = "<group>"; };
		01D3BE871C4F900F0096D717 /* IDMTapDetectingImageView.h */ = {isa = PBXFileReference; fileEncoding = 4; lastKnownFileType = sourcecode.c.h; path = IDMTapDetectingImageView.h; sourceTree = "<group>"; };
		01D3BE881C4F900F0096D717 /* IDMTapDetectingImageView.m */ = {isa = PBXFileReference; fileEncoding = 4; lastKnownFileType = sourcecode.c.objc; path = IDMTapDetectingImageView.m; sourceTree = "<group>"; };
		01D3BE891C4F900F0096D717 /* IDMTapDetectingView.h */ = {isa = PBXFileReference; fileEncoding = 4; lastKnownFileType = sourcecode.c.h; path = IDMTapDetectingView.h; sourceTree = "<group>"; };
		01D3BE8A1C4F900F0096D717 /* IDMTapDetectingView.m */ = {isa = PBXFileReference; fileEncoding = 4; lastKnownFileType = sourcecode.c.objc; path = IDMTapDetectingView.m; sourceTree = "<group>"; };
		01D3BE8B1C4F900F0096D717 /* IDMZoomingScrollView.h */ = {isa = PBXFileReference; fileEncoding = 4; lastKnownFileType = sourcecode.c.h; path = IDMZoomingScrollView.h; sourceTree = "<group>"; };
		01D3BE8C1C4F900F0096D717 /* IDMZoomingScrollView.m */ = {isa = PBXFileReference; fileEncoding = 4; lastKnownFileType = sourcecode.c.objc; path = IDMZoomingScrollView.m; sourceTree = "<group>"; };
/* End PBXFileReference section */

/* Begin PBXFrameworksBuildPhase section */
		01D3BE561C4F8F580096D717 /* Frameworks */ = {
			isa = PBXFrameworksBuildPhase;
			buildActionMask = 2147483647;
			files = (
			);
			runOnlyForDeploymentPostprocessing = 0;
		};
		01D3BE6A1C4F8F580096D717 /* Frameworks */ = {
			isa = PBXFrameworksBuildPhase;
			buildActionMask = 2147483647;
			files = (
			);
			runOnlyForDeploymentPostprocessing = 0;
		};
/* End PBXFrameworksBuildPhase section */

/* Begin PBXGroup section */
		01D3BE501C4F8F580096D717 = {
			isa = PBXGroup;
			children = (
				01D3BE5B1C4F8F580096D717 /* CJWOC */,
				01D3BE701C4F8F580096D717 /* CJWOCTests */,
				01D3BE5A1C4F8F580096D717 /* Products */,
			);
			sourceTree = "<group>";
		};
		01D3BE5A1C4F8F580096D717 /* Products */ = {
			isa = PBXGroup;
			children = (
				01D3BE591C4F8F580096D717 /* CJWOC.app */,
				01D3BE6D1C4F8F580096D717 /* CJWOCTests.xctest */,
			);
			name = Products;
			sourceTree = "<group>";
		};
		01D3BE5B1C4F8F580096D717 /* CJWOC */ = {
			isa = PBXGroup;
			children = (
				01D3BE7C1C4F900F0096D717 /* IDMPhotoBrowser */,
				01D3BE5C1C4F8F580096D717 /* AppDelegate.swift */,
				01D3BE5E1C4F8F580096D717 /* ViewController.swift */,
				01D3BE601C4F8F580096D717 /* Main.storyboard */,
				01D3BE631C4F8F580096D717 /* Assets.xcassets */,
				01D3BE651C4F8F580096D717 /* LaunchScreen.storyboard */,
				01D3BE681C4F8F580096D717 /* Info.plist */,
			);
			path = CJWOC;
			sourceTree = "<group>";
		};
		01D3BE701C4F8F580096D717 /* CJWOCTests */ = {
			isa = PBXGroup;
			children = (
				01D3BE711C4F8F580096D717 /* CJWOCTests.swift */,
				01D3BE731C4F8F580096D717 /* Info.plist */,
			);
			path = CJWOCTests;
			sourceTree = "<group>";
		};
		01D3BE7C1C4F900F0096D717 /* IDMPhotoBrowser */ = {
			isa = PBXGroup;
			children = (
				01D3BE7D1C4F900F0096D717 /* IDMCaptionView.h */,
				01D3BE7E1C4F900F0096D717 /* IDMCaptionView.m */,
				01D3BE7F1C4F900F0096D717 /* IDMPBConstants.h */,
				01D3BE801C4F900F0096D717 /* IDMPBLocalizations.bundle */,
				01D3BE811C4F900F0096D717 /* IDMPhoto.h */,
				01D3BE821C4F900F0096D717 /* IDMPhoto.m */,
				01D3BE831C4F900F0096D717 /* IDMPhotoBrowser.bundle */,
				01D3BE841C4F900F0096D717 /* IDMPhotoBrowser.h */,
				01D3BE851C4F900F0096D717 /* IDMPhotoBrowser.m */,
				01D3BE861C4F900F0096D717 /* IDMPhotoProtocol.h */,
				01D3BE871C4F900F0096D717 /* IDMTapDetectingImageView.h */,
				01D3BE881C4F900F0096D717 /* IDMTapDetectingImageView.m */,
				01D3BE891C4F900F0096D717 /* IDMTapDetectingView.h */,
				01D3BE8A1C4F900F0096D717 /* IDMTapDetectingView.m */,
				01D3BE8B1C4F900F0096D717 /* IDMZoomingScrollView.h */,
				01D3BE8C1C4F900F0096D717 /* IDMZoomingScrollView.m */,
			);
			path = IDMPhotoBrowser;
			sourceTree = "<group>";
		};
/* End PBXGroup section */

/* Begin PBXNativeTarget section */
		01D3BE581C4F8F580096D717 /* CJWOC */ = {
			isa = PBXNativeTarget;
			buildConfigurationList = 01D3BE761C4F8F580096D717 /* Build configuration list for PBXNativeTarget "CJWOC" */;
			buildPhases = (
				01D3BE551C4F8F580096D717 /* Sources */,
				01D3BE561C4F8F580096D717 /* Frameworks */,
				01D3BE571C4F8F580096D717 /* Resources */,
			);
			buildRules = (
			);
			dependencies = (
			);
			name = CJWOC;
			productName = CJWOC;
			productReference = 01D3BE591C4F8F580096D717 /* CJWOC.app */;
			productType = "com.apple.product-type.application";
		};
		01D3BE6C1C4F8F580096D717 /* CJWOCTests */ = {
			isa = PBXNativeTarget;
			buildConfigurationList = 01D3BE791C4F8F580096D717 /* Build configuration list for PBXNativeTarget "CJWOCTests" */;
			buildPhases = (
				01D3BE691C4F8F580096D717 /* Sources */,
				01D3BE6A1C4F8F580096D717 /* Frameworks */,
				01D3BE6B1C4F8F580096D717 /* Resources */,
			);
			buildRules = (
			);
			dependencies = (
				01D3BE6F1C4F8F580096D717 /* PBXTargetDependency */,
			);
			name = CJWOCTests;
			productName = CJWOCTests;
			productReference = 01D3BE6D1C4F8F580096D717 /* CJWOCTests.xctest */;
			productType = "com.apple.product-type.bundle.unit-test";
		};
/* End PBXNativeTarget section */

/* Begin PBXProject section */
		01D3BE511C4F8F580096D717 /* Project object */ = {
			isa = PBXProject;
			attributes = {
				LastSwiftUpdateCheck = 0720;
				LastUpgradeCheck = 0720;
				ORGANIZATIONNAME = Frank;
				TargetAttributes = {
					01D3BE581C4F8F580096D717 = {
						CreatedOnToolsVersion = 7.2;
					};
					01D3BE6C1C4F8F580096D717 = {
						CreatedOnToolsVersion = 7.2;
						TestTargetID = 01D3BE581C4F8F580096D717;
					};
				};
			};
			buildConfigurationList = 01D3BE541C4F8F580096D717 /* Build configuration list for PBXProject "CJWOC" */;
			compatibilityVersion = "Xcode 3.2";
			developmentRegion = English;
			hasScannedForEncodings = 0;
			knownRegions = (
				en,
				Base,
			);
			mainGroup = 01D3BE501C4F8F580096D717;
			productRefGroup = 01D3BE5A1C4F8F580096D717 /* Products */;
			projectDirPath = "";
			projectRoot = "";
			targets = (
				01D3BE581C4F8F580096D717 /* CJWOC */,
				01D3BE6C1C4F8F580096D717 /* CJWOCTests */,
			);
		};
/* End PBXProject section */

/* Begin PBXResourcesBuildPhase section */
		01D3BE571C4F8F580096D717 /* Resources */ = {
			isa = PBXResourcesBuildPhase;
			buildActionMask = 2147483647;
			files = (
				01D3BE671C4F8F580096D717 /* LaunchScreen.storyboard in Resources */,
				01D3BE8E1C4F900F0096D717 /* IDMPBLocalizations.bundle in Resources */,
				01D3BE901C4F900F0096D717 /* IDMPhotoBrowser.bundle in Resources */,
				01D3BE641C4F8F580096D717 /* Assets.xcassets in Resources */,
				01D3BE621C4F8F580096D717 /* Main.storyboard in Resources */,
			);
			runOnlyForDeploymentPostprocessing = 0;
		};
		01D3BE6B1C4F8F580096D717 /* Resources */ = {
			isa = PBXResourcesBuildPhase;
			buildActionMask = 2147483647;
			files = (
			);
			runOnlyForDeploymentPostprocessing = 0;
		};
/* End PBXResourcesBuildPhase section */

/* Begin PBXSourcesBuildPhase section */
		01D3BE551C4F8F580096D717 /* Sources */ = {
			isa = PBXSourcesBuildPhase;
			buildActionMask = 2147483647;
			files = (
				01D3BE941C4F900F0096D717 /* IDMZoomingScrollView.m in Sources */,
				01D3BE911C4F900F0096D717 /* IDMPhotoBrowser.m in Sources */,
				01D3BE8D1C4F900F0096D717 /* IDMCaptionView.m in Sources */,
				01D3BE8F1C4F900F0096D717 /* IDMPhoto.m in Sources */,
				01D3BE5F1C4F8F580096D717 /* ViewController.swift in Sources */,
				01D3BE5D1C4F8F580096D717 /* AppDelegate.swift in Sources */,
				01D3BE921C4F900F0096D717 /* IDMTapDetectingImageView.m in Sources */,
				01D3BE931C4F900F0096D717 /* IDMTapDetectingView.m in Sources */,
			);
			runOnlyForDeploymentPostprocessing = 0;
		};
		01D3BE691C4F8F580096D717 /* Sources */ = {
			isa = PBXSourcesBuildPhase;
			buildActionMask = 2147483647;
			files = (
				01D3BE721C4F8F580096D717 /* CJWOCTests.swift in Sources */,
			);
			runOnlyForDeploymentPostprocessing = 0;
		};
/* End PBXSourcesBuildPhase section */

/* Begin PBXTargetDependency section */
		01D3BE6F1C4F8F580096D717 /* PBXTargetDependency */ = {
			isa = PBXTargetDependency;
			target = 01D3BE581C4F8F580096D717 /* CJWOC */;
			targetProxy = 01D3BE6E1C4F8F580096D717 /* PBXContainerItemProxy */;
		};
/* End PBXTargetDependency section */

/* Begin PBXVariantGroup section */
		01D3BE601C4F8F580096D717 /* Main.storyboard */ = {
			isa = PBXVariantGroup;
			children = (
				01D3BE611C4F8F580096D717 /* Base */,
			);
			name = Main.storyboard;
			sourceTree = "<group>";
		};
		01D3BE651C4F8F580096D717 /* LaunchScreen.storyboard */ = {
			isa = PBXVariantGroup;
			children = (
				01D3BE661C4F8F580096D717 /* Base */,
			);
			name = LaunchScreen.storyboard;
			sourceTree = "<group>";
		};
/* End PBXVariantGroup section */

/* Begin XCBuildConfiguration section */
		01D3BE741C4F8F580096D717 /* Debug */ = {
			isa = XCBuildConfiguration;
			buildSettings = {
				ALWAYS_SEARCH_USER_PATHS = NO;
				CLANG_CXX_LANGUAGE_STANDARD = "gnu++0x";
				CLANG_CXX_LIBRARY = "libc++";
				CLANG_ENABLE_MODULES = YES;
				CLANG_ENABLE_OBJC_ARC = YES;
				CLANG_WARN_BOOL_CONVERSION = YES;
				CLANG_WARN_CONSTANT_CONVERSION = YES;
				CLANG_WARN_DIRECT_OBJC_ISA_USAGE = YES_ERROR;
				CLANG_WARN_EMPTY_BODY = YES;
				CLANG_WARN_ENUM_CONVERSION = YES;
				CLANG_WARN_INT_CONVERSION = YES;
				CLANG_WARN_OBJC_ROOT_CLASS = YES_ERROR;
				CLANG_WARN_UNREACHABLE_CODE = YES;
				CLANG_WARN__DUPLICATE_METHOD_MATCH = YES;
				"CODE_SIGN_IDENTITY[sdk=iphoneos*]" = "iPhone Developer";
				COPY_PHASE_STRIP = NO;
				DEBUG_INFORMATION_FORMAT = dwarf;
				ENABLE_STRICT_OBJC_MSGSEND = YES;
				ENABLE_TESTABILITY = YES;
				GCC_C_LANGUAGE_STANDARD = gnu99;
				GCC_DYNAMIC_NO_PIC = NO;
				GCC_NO_COMMON_BLOCKS = YES;
				GCC_OPTIMIZATION_LEVEL = 0;
				GCC_PREPROCESSOR_DEFINITIONS = (
					"DEBUG=1",
					"$(inherited)",
				);
				GCC_WARN_64_TO_32_BIT_CONVERSION = YES;
				GCC_WARN_ABOUT_RETURN_TYPE = YES_ERROR;
				GCC_WARN_UNDECLARED_SELECTOR = YES;
				GCC_WARN_UNINITIALIZED_AUTOS = YES_AGGRESSIVE;
				GCC_WARN_UNUSED_FUNCTION = YES;
				GCC_WARN_UNUSED_VARIABLE = YES;
				IPHONEOS_DEPLOYMENT_TARGET = 9.2;
				MTL_ENABLE_DEBUG_INFO = YES;
				ONLY_ACTIVE_ARCH = YES;
				SDKROOT = iphoneos;
				SWIFT_OPTIMIZATION_LEVEL = "-Onone";
				TARGETED_DEVICE_FAMILY = "1,2";
			};
			name = Debug;
		};
		01D3BE751C4F8F580096D717 /* Release */ = {
			isa = XCBuildConfiguration;
			buildSettings = {
				ALWAYS_SEARCH_USER_PATHS = NO;
				CLANG_CXX_LANGUAGE_STANDARD = "gnu++0x";
				CLANG_CXX_LIBRARY = "libc++";
				CLANG_ENABLE_MODULES = YES;
				CLANG_ENABLE_OBJC_ARC = YES;
				CLANG_WARN_BOOL_CONVERSION = YES;
				CLANG_WARN_CONSTANT_CONVERSION = YES;
				CLANG_WARN_DIRECT_OBJC_ISA_USAGE = YES_ERROR;
				CLANG_WARN_EMPTY_BODY = YES;
				CLANG_WARN_ENUM_CONVERSION = YES;
				CLANG_WARN_INT_CONVERSION = YES;
				CLANG_WARN_OBJC_ROOT_CLASS = YES_ERROR;
				CLANG_WARN_UNREACHABLE_CODE = YES;
				CLANG_WARN__DUPLICATE_METHOD_MATCH = YES;
				"CODE_SIGN_IDENTITY[sdk=iphoneos*]" = "iPhone Developer";
				COPY_PHASE_STRIP = NO;
				DEBUG_INFORMATION_FORMAT = "dwarf-with-dsym";
				ENABLE_NS_ASSERTIONS = NO;
				ENABLE_STRICT_OBJC_MSGSEND = YES;
				GCC_C_LANGUAGE_STANDARD = gnu99;
				GCC_NO_COMMON_BLOCKS = YES;
				GCC_WARN_64_TO_32_BIT_CONVERSION = YES;
				GCC_WARN_ABOUT_RETURN_TYPE = YES_ERROR;
				GCC_WARN_UNDECLARED_SELECTOR = YES;
				GCC_WARN_UNINITIALIZED_AUTOS = YES_AGGRESSIVE;
				GCC_WARN_UNUSED_FUNCTION = YES;
				GCC_WARN_UNUSED_VARIABLE = YES;
				IPHONEOS_DEPLOYMENT_TARGET = 9.2;
				MTL_ENABLE_DEBUG_INFO = NO;
				SDKROOT = iphoneos;
				TARGETED_DEVICE_FAMILY = "1,2";
				VALIDATE_PRODUCT = YES;
			};
			name = Release;
		};
		01D3BE771C4F8F580096D717 /* Debug */ = {
			isa = XCBuildConfiguration;
			buildSettings = {
				ASSETCATALOG_COMPILER_APPICON_NAME = AppIcon;
				INFOPLIST_FILE = CJWOC/Info.plist;
				LD_RUNPATH_SEARCH_PATHS = "$(inherited) @executable_path/Frameworks";
				PRODUCT_BUNDLE_IDENTIFIER = com.cenjiawen.app.CJWOC;
				PRODUCT_NAME = "$(TARGET_NAME)";
			};
			name = Debug;
		};
		01D3BE781C4F8F580096D717 /* Release */ = {
			isa = XCBuildConfiguration;
			buildSettings = {
				ASSETCATALOG_COMPILER_APPICON_NAME = AppIcon;
				INFOPLIST_FILE = CJWOC/Info.plist;
				LD_RUNPATH_SEARCH_PATHS = "$(inherited) @executable_path/Frameworks";
				PRODUCT_BUNDLE_IDENTIFIER = com.cenjiawen.app.CJWOC;
				PRODUCT_NAME = "$(TARGET_NAME)";
			};
			name = Release;
		};
		01D3BE7A1C4F8F580096D717 /* Debug */ = {
			isa = XCBuildConfiguration;
			buildSettings = {
				BUNDLE_LOADER = "$(TEST_HOST)";
				INFOPLIST_FILE = CJWOCTests/Info.plist;
				LD_RUNPATH_SEARCH_PATHS = "$(inherited) @executable_path/Frameworks @loader_path/Frameworks";
				PRODUCT_BUNDLE_IDENTIFIER = com.cenjiawen.app.CJWOCTests;
				PRODUCT_NAME = "$(TARGET_NAME)";
				TEST_HOST = "$(BUILT_PRODUCTS_DIR)/CJWOC.app/CJWOC";
			};
			name = Debug;
		};
		01D3BE7B1C4F8F580096D717 /* Release */ = {
			isa = XCBuildConfiguration;
			buildSettings = {
				BUNDLE_LOADER = "$(TEST_HOST)";
				INFOPLIST_FILE = CJWOCTests/Info.plist;
				LD_RUNPATH_SEARCH_PATHS = "$(inherited) @executable_path/Frameworks @loader_path/Frameworks";
				PRODUCT_BUNDLE_IDENTIFIER = com.cenjiawen.app.CJWOCTests;
				PRODUCT_NAME = "$(TARGET_NAME)";
				TEST_HOST = "$(BUILT_PRODUCTS_DIR)/CJWOC.app/CJWOC";
			};
			name = Release;
		};
/* End XCBuildConfiguration section */

/* Begin XCConfigurationList section */
		01D3BE541C4F8F580096D717 /* Build configuration list for PBXProject "CJWOC" */ = {
			isa = XCConfigurationList;
			buildConfigurations = (
				01D3BE741C4F8F580096D717 /* Debug */,
				01D3BE751C4F8F580096D717 /* Release */,
			);
			defaultConfigurationIsVisible = 0;
			defaultConfigurationName = Release;
		};
		01D3BE761C4F8F580096D717 /* Build configuration list for PBXNativeTarget "CJWOC" */ = {
			isa = XCConfigurationList;
			buildConfigurations = (
				01D3BE771C4F8F580096D717 /* Debug */,
				01D3BE781C4F8F580096D717 /* Release */,
			);
			defaultConfigurationIsVisible = 0;
		};
		01D3BE791C4F8F580096D717 /* Build configuration list for PBXNativeTarget "CJWOCTests" */ = {
			isa = XCConfigurationList;
			buildConfigurations = (
				01D3BE7A1C4F8F580096D717 /* Debug */,
				01D3BE7B1C4F8F580096D717 /* Release */,
			);
			defaultConfigurationIsVisible = 0;
		};
/* End XCConfigurationList section */
	};
	rootObject = 01D3BE511C4F8F580096D717 /* Project object */;
}
